
Microsoft Visual Studio Solution File, Format Version 12.00
# Visual Studio Version 17
VisualStudioVersion = 17.12.35521.163 d17.12
MinimumVisualStudioVersion = 10.0.40219.1
Project("{FAE04EC0-301F-11D3-BF4B-00C04F79EFBC}") = "Asp_Net_Core_Concept", "Asp_Net_Core_Concept.csproj", "{C92F33DD-86F8-4A20-90B3-99213F1CCD16}"
EndProject
Project("{FAE04EC0-301F-11D3-BF4B-00C04F79EFBC}") = "MiddleWareComponentAPP", "..\MiddleWareComponentAPP\MiddleWareComponentAPP.csproj", "{FF9A8D81-A842-4D18-A07B-A7CCEE076E21}"
EndProject
Project("{FAE04EC0-301F-11D3-BF4B-00C04F79EFBC}") = "WebRootAPP", "..\WebRootAPP\WebRootAPP.csproj", "{C45FF5D7-29E0-4EF6-958C-593CAA8C7573}"
EndProject
Global
	GlobalSection(SolutionConfigurationPlatforms) = preSolution
		Debug|Any CPU = Debug|Any CPU
		Release|Any CPU = Release|Any CPU
	EndGlobalSection
	GlobalSection(ProjectConfigurationPlatforms) = postSolution
		{C92F33DD-86F8-4A20-90B3-99213F1CCD16}.Debug|Any CPU.ActiveCfg = Debug|Any CPU
		{C92F33DD-86F8-4A20-90B3-99213F1CCD16}.Debug|Any CPU.Build.0 = Debug|Any CPU
		{C92F33DD-86F8-4A20-90B3-99213F1CCD16}.Release|Any CPU.ActiveCfg = Release|Any CPU
		{C92F33DD-86F8-4A20-90B3-99213F1CCD16}.Release|Any CPU.Build.0 = Release|Any CPU
		{FF9A8D81-A842-4D18-A07B-A7CCEE076E21}.Debug|Any CPU.ActiveCfg = Debug|Any CPU
		{FF9A8D81-A842-4D18-A07B-A7CCEE076E21}.Debug|Any CPU.Build.0 = Debug|Any CPU
		{FF9A8D81-A842-4D18-A07B-A7CCEE076E21}.Release|Any CPU.ActiveCfg = Release|Any CPU
		{FF9A8D81-A842-4D18-A07B-A7CCEE076E21}.Release|Any CPU.Build.0 = Release|Any CPU
		{C45FF5D7-29E0-4EF6-958C-593CAA8C7573}.Debug|Any CPU.ActiveCfg = Debug|Any CPU
		{C45FF5D7-29E0-4EF6-958C-593CAA8C7573}.Debug|Any CPU.Build.0 = Debug|Any CPU
		{C45FF5D7-29E0-4EF6-958C-593CAA8C7573}.Release|Any CPU.ActiveCfg = Release|Any CPU
		{C45FF5D7-29E0-4EF6-958C-593CAA8C7573}.Release|Any CPU.Build.0 = Release|Any CPU
	EndGlobalSection
	GlobalSection(SolutionProperties) = preSolution
		HideSolutionNode = FALSE
	EndGlobalSection
EndGlobal
